
Microsoft Visual Studio Solution File, Format Version 12.00
# Visual Studio Version 17
VisualStudioVersion = 17.1.32421.90
MinimumVisualStudioVersion = 10.0.40219.1
Project("{9A19103F-16F7-4668-BE54-9A1E7A4F7556}") = "Application", "Application\Application.csproj", "{74AD3286-C6C5-43C0-93E6-64048E56B72C}"
EndProject
Project("{9A19103F-16F7-4668-BE54-9A1E7A4F7556}") = "Domain", "Domain\Domain.csproj", "{EE296B10-F54A-455C-B5ED-B0E875CCA7B3}"
EndProject
Project("{9A19103F-16F7-4668-BE54-9A1E7A4F7556}") = "Persistence", "Persistence\Persistence.csproj", "{4B35DFAF-2724-48D1-9A6F-CC12CDEA31C5}"
EndProject
Project("{FAE04EC0-301F-11D3-BF4B-00C04F79EFBC}") = "WebApp", "WebApp\WebApp.csproj", "{88172B4A-C79B-4BB6-93F5-D02B4CAEF6F4}"
EndProject
Global
	GlobalSection(SolutionConfigurationPlatforms) = preSolution
		Debug|Any CPU = Debug|Any CPU
		Release|Any CPU = Release|Any CPU
	EndGlobalSection
	GlobalSection(ProjectConfigurationPlatforms) = postSolution
		{74AD3286-C6C5-43C0-93E6-64048E56B72C}.Debug|Any CPU.ActiveCfg = Debug|Any CPU
		{74AD3286-C6C5-43C0-93E6-64048E56B72C}.Debug|Any CPU.Build.0 = Debug|Any CPU
		{74AD3286-C6C5-43C0-93E6-64048E56B72C}.Release|Any CPU.ActiveCfg = Release|Any CPU
		{74AD3286-C6C5-43C0-93E6-64048E56B72C}.Release|Any CPU.Build.0 = Release|Any CPU
		{EE296B10-F54A-455C-B5ED-B0E875CCA7B3}.Debug|Any CPU.ActiveCfg = Debug|Any CPU
		{EE296B10-F54A-455C-B5ED-B0E875CCA7B3}.Debug|Any CPU.Build.0 = Debug|Any CPU
		{EE296B10-F54A-455C-B5ED-B0E875CCA7B3}.Release|Any CPU.ActiveCfg = Release|Any CPU
		{EE296B10-F54A-455C-B5ED-B0E875CCA7B3}.Release|Any CPU.Build.0 = Release|Any CPU
		{4B35DFAF-2724-48D1-9A6F-CC12CDEA31C5}.Debug|Any CPU.ActiveCfg = Debug|Any CPU
		{4B35DFAF-2724-48D1-9A6F-CC12CDEA31C5}.Debug|Any CPU.Build.0 = Debug|Any CPU
		{4B35DFAF-2724-48D1-9A6F-CC12CDEA31C5}.Release|Any CPU.ActiveCfg = Release|Any CPU
		{4B35DFAF-2724-48D1-9A6F-CC12CDEA31C5}.Release|Any CPU.Build.0 = Release|Any CPU
		{88172B4A-C79B-4BB6-93F5-D02B4CAEF6F4}.Debug|Any CPU.ActiveCfg = Debug|Any CPU
		{88172B4A-C79B-4BB6-93F5-D02B4CAEF6F4}.Debug|Any CPU.Build.0 = Debug|Any CPU
		{88172B4A-C79B-4BB6-93F5-D02B4CAEF6F4}.Release|Any CPU.ActiveCfg = Release|Any CPU
		{88172B4A-C79B-4BB6-93F5-D02B4CAEF6F4}.Release|Any CPU.Build.0 = Release|Any CPU
	EndGlobalSection
	GlobalSection(SolutionProperties) = preSolution
		HideSolutionNode = FALSE
	EndGlobalSection
	GlobalSection(ExtensibilityGlobals) = postSolution
		SolutionGuid = {81078AE0-9EE8-438B-9799-798F075DFF50}
	EndGlobalSection
EndGlobal
