
Microsoft Visual Studio Solution File, Format Version 12.00
Project("{FAE04EC0-301F-11D3-BF4B-00C04F79EFBC}") = "VideoGameCatalog.API", "VideoGameCatalog.API\VideoGameCatalog.API.csproj", "{37A11E1C-002D-4A99-B847-3D2792E5AF63}"
EndProject
Project("{FAE04EC0-301F-11D3-BF4B-00C04F79EFBC}") = "VideoGameCatalog.Tests", "VideoGameCatalog.Tests\VideoGameCatalog.Tests.csproj", "{12B9E051-68A5-4981-87AC-B116A0464322}"
EndProject
Global
	GlobalSection(SolutionConfigurationPlatforms) = preSolution
		Debug|Any CPU = Debug|Any CPU
		Release|Any CPU = Release|Any CPU
	EndGlobalSection
	GlobalSection(ProjectConfigurationPlatforms) = postSolution
		{37A11E1C-002D-4A99-B847-3D2792E5AF63}.Debug|Any CPU.ActiveCfg = Debug|Any CPU
		{37A11E1C-002D-4A99-B847-3D2792E5AF63}.Debug|Any CPU.Build.0 = Debug|Any CPU
		{37A11E1C-002D-4A99-B847-3D2792E5AF63}.Release|Any CPU.ActiveCfg = Release|Any CPU
		{37A11E1C-002D-4A99-B847-3D2792E5AF63}.Release|Any CPU.Build.0 = Release|Any CPU
		{12B9E051-68A5-4981-87AC-B116A0464322}.Debug|Any CPU.ActiveCfg = Debug|Any CPU
		{12B9E051-68A5-4981-87AC-B116A0464322}.Debug|Any CPU.Build.0 = Debug|Any CPU
		{12B9E051-68A5-4981-87AC-B116A0464322}.Release|Any CPU.ActiveCfg = Release|Any CPU
		{12B9E051-68A5-4981-87AC-B116A0464322}.Release|Any CPU.Build.0 = Release|Any CPU
	EndGlobalSection
EndGlobal
